
Microsoft Visual Studio Solution File, Format Version 12.00
# Visual Studio Version 16
VisualStudioVersion = 16.0.29613.14
MinimumVisualStudioVersion = 10.0.40219.1
Project("{FAE04EC0-301F-11D3-BF4B-00C04F79EFBC}") = "Puzzles", "Puzzles\Puzzles.csproj", "{72332B2F-EED0-4044-8325-B508B741F457}"
EndProject
Global
	GlobalSection(SolutionConfigurationPlatforms) = preSolution
		Debug|Any CPU = Debug|Any CPU
		Release|Any CPU = Release|Any CPU
	EndGlobalSection
	GlobalSection(ProjectConfigurationPlatforms) = postSolution
		{72332B2F-EED0-4044-8325-B508B741F457}.Debug|Any CPU.ActiveCfg = Debug|Any CPU
		{72332B2F-EED0-4044-8325-B508B741F457}.Debug|Any CPU.Build.0 = Debug|Any CPU
		{72332B2F-EED0-4044-8325-B508B741F457}.Release|Any CPU.ActiveCfg = Release|Any CPU
		{72332B2F-EED0-4044-8325-B508B741F457}.Release|Any CPU.Build.0 = Release|Any CPU
	EndGlobalSection
	GlobalSection(SolutionProperties) = preSolution
		HideSolutionNode = FALSE
	EndGlobalSection
	GlobalSection(ExtensibilityGlobals) = postSolution
		SolutionGuid = {17081CDF-9ED0-405E-80A4-25B34B70D24A}
	EndGlobalSection
EndGlobal
